
Microsoft Visual Studio Solution File, Format Version 12.00
# Visual Studio Version 17
VisualStudioVersion = 17.1.32210.238
MinimumVisualStudioVersion = 10.0.40219.1
Project("{FAE04EC0-301F-11D3-BF4B-00C04F79EFBC}") = "HomeWork", "HomeWork\HomeWork.csproj", "{24FE31ED-A510-437D-80B9-A9F2EA2E06C2}"
EndProject
Project("{FAE04EC0-301F-11D3-BF4B-00C04F79EFBC}") = "MP.Utils", "MP.Utils\MP.Utils.csproj", "{E963155E-A4A3-4D3C-BB56-F196A0A57ADC}"
EndProject
Project("{FAE04EC0-301F-11D3-BF4B-00C04F79EFBC}") = "Doubler", "Doubler\Doubler.csproj", "{83336A31-209D-41D3-B6C3-DED314427EF1}"
EndProject
Project("{FAE04EC0-301F-11D3-BF4B-00C04F79EFBC}") = "GuessNumber", "GuessNumber\GuessNumber.csproj", "{CADD9569-A4D7-48ED-8F2F-62730235355D}"
EndProject
Project("{FAE04EC0-301F-11D3-BF4B-00C04F79EFBC}") = "WFforHW08", "WFforHW08\WFforHW08.csproj", "{B33D59DB-1CD4-4152-BE2A-D010B01DF5FC}"
EndProject
Global
	GlobalSection(SolutionConfigurationPlatforms) = preSolution
		Debug|Any CPU = Debug|Any CPU
		Release|Any CPU = Release|Any CPU
	EndGlobalSection
	GlobalSection(ProjectConfigurationPlatforms) = postSolution
		{24FE31ED-A510-437D-80B9-A9F2EA2E06C2}.Debug|Any CPU.ActiveCfg = Debug|Any CPU
		{24FE31ED-A510-437D-80B9-A9F2EA2E06C2}.Debug|Any CPU.Build.0 = Debug|Any CPU
		{24FE31ED-A510-437D-80B9-A9F2EA2E06C2}.Release|Any CPU.ActiveCfg = Release|Any CPU
		{24FE31ED-A510-437D-80B9-A9F2EA2E06C2}.Release|Any CPU.Build.0 = Release|Any CPU
		{E963155E-A4A3-4D3C-BB56-F196A0A57ADC}.Debug|Any CPU.ActiveCfg = Debug|Any CPU
		{E963155E-A4A3-4D3C-BB56-F196A0A57ADC}.Debug|Any CPU.Build.0 = Debug|Any CPU
		{E963155E-A4A3-4D3C-BB56-F196A0A57ADC}.Release|Any CPU.ActiveCfg = Release|Any CPU
		{E963155E-A4A3-4D3C-BB56-F196A0A57ADC}.Release|Any CPU.Build.0 = Release|Any CPU
		{83336A31-209D-41D3-B6C3-DED314427EF1}.Debug|Any CPU.ActiveCfg = Debug|Any CPU
		{83336A31-209D-41D3-B6C3-DED314427EF1}.Debug|Any CPU.Build.0 = Debug|Any CPU
		{83336A31-209D-41D3-B6C3-DED314427EF1}.Release|Any CPU.ActiveCfg = Release|Any CPU
		{83336A31-209D-41D3-B6C3-DED314427EF1}.Release|Any CPU.Build.0 = Release|Any CPU
		{CADD9569-A4D7-48ED-8F2F-62730235355D}.Debug|Any CPU.ActiveCfg = Debug|Any CPU
		{CADD9569-A4D7-48ED-8F2F-62730235355D}.Debug|Any CPU.Build.0 = Debug|Any CPU
		{CADD9569-A4D7-48ED-8F2F-62730235355D}.Release|Any CPU.ActiveCfg = Release|Any CPU
		{CADD9569-A4D7-48ED-8F2F-62730235355D}.Release|Any CPU.Build.0 = Release|Any CPU
		{B33D59DB-1CD4-4152-BE2A-D010B01DF5FC}.Debug|Any CPU.ActiveCfg = Debug|Any CPU
		{B33D59DB-1CD4-4152-BE2A-D010B01DF5FC}.Debug|Any CPU.Build.0 = Debug|Any CPU
		{B33D59DB-1CD4-4152-BE2A-D010B01DF5FC}.Release|Any CPU.ActiveCfg = Release|Any CPU
		{B33D59DB-1CD4-4152-BE2A-D010B01DF5FC}.Release|Any CPU.Build.0 = Release|Any CPU
	EndGlobalSection
	GlobalSection(SolutionProperties) = preSolution
		HideSolutionNode = FALSE
	EndGlobalSection
	GlobalSection(ExtensibilityGlobals) = postSolution
		SolutionGuid = {AD3F598E-F0B4-4423-A563-BD53A0CF6A2F}
	EndGlobalSection
EndGlobal
